
Microsoft Visual Studio Solution File, Format Version 12.00
# Visual Studio Version 16
VisualStudioVersion = 16.0.29215.179
MinimumVisualStudioVersion = 10.0.40219.1
Project("{FAE04EC0-301F-11D3-BF4B-00C04F79EFBC}") = "RadioDJManager", "RadioDJManager\RadioDJManager.csproj", "{A9DB5FE5-BDFF-4A88-96CB-3F4291E8CAF9}"
EndProject
Global
	GlobalSection(SolutionConfigurationPlatforms) = preSolution
		Debug|Any CPU = Debug|Any CPU
		Release|Any CPU = Release|Any CPU
	EndGlobalSection
	GlobalSection(ProjectConfigurationPlatforms) = postSolution
		{A9DB5FE5-BDFF-4A88-96CB-3F4291E8CAF9}.Debug|Any CPU.ActiveCfg = Debug|Any CPU
		{A9DB5FE5-BDFF-4A88-96CB-3F4291E8CAF9}.Debug|Any CPU.Build.0 = Debug|Any CPU
		{A9DB5FE5-BDFF-4A88-96CB-3F4291E8CAF9}.Release|Any CPU.ActiveCfg = Release|Any CPU
		{A9DB5FE5-BDFF-4A88-96CB-3F4291E8CAF9}.Release|Any CPU.Build.0 = Release|Any CPU
	EndGlobalSection
	GlobalSection(SolutionProperties) = preSolution
		HideSolutionNode = FALSE
	EndGlobalSection
	GlobalSection(ExtensibilityGlobals) = postSolution
		SolutionGuid = {D7F40AFF-4261-4C08-B7C5-0C8B1C4D7891}
	EndGlobalSection
EndGlobal
